{
  "version": 4,
  "terraform_version": "1.1.9",
  "serial": 1,
  "lineage": "1aac5922-5a92-5ec5-15a2-5d4855b6b34a",
  "outputs": {},
  "resources": [
    {
      "mode": "managed",
      "type": "aws_vpc",
      "name": "myvpc",
      "provider": "provider[\"registry.terraform.io/hashicorp/aws\"]",
      "instances": [
        {
          "schema_version": 1,
          "attributes": {
            "arn": "arn:aws:ec2:us-east-1:117447531537:vpc/vpc-00876dc71e529bf49",
            "assign_generated_ipv6_cidr_block": false,
            "cidr_block": "192.168.0.0/24",
            "default_network_acl_id": "acl-0ac4d7c5ac447f289",
            "default_route_table_id": "rtb-06f961d6560b9704e",
            "default_security_group_id": "sg-0d19b8ccd14d71779",
            "dhcp_options_id": "dopt-0e77f125a0a31a4bb",
            "enable_classiclink": false,
            "enable_classiclink_dns_support": false,
            "enable_dns_hostnames": false,
            "enable_dns_support": true,
            "id": "vpc-00876dc71e529bf49",
            "instance_tenancy": "default",
            "ipv4_ipam_pool_id": null,
            "ipv4_netmask_length": null,
            "ipv6_association_id": "",
            "ipv6_cidr_block": "",
            "ipv6_cidr_block_network_border_group": "",
            "ipv6_ipam_pool_id": "",
            "ipv6_netmask_length": 0,
            "main_route_table_id": "rtb-06f961d6560b9704e",
            "owner_id": "117447531537",
            "tags": {
              "Name": "AnochaVPC"
            },
            "tags_all": {
              "Name": "AnochaVPC"
            }
          },
          "sensitive_attributes": [],
          "private": "eyJzY2hlbWFfdmVyc2lvbiI6IjEifQ=="
        }
      ]
    }
  ]
}
