{
  "version": 4,
  "terraform_version": "1.1.9",
  "serial": 2,
  "lineage": "8c401218-30b2-44f1-fc45-13c1b8dcc48c",
  "outputs": {
    "vpcid": {
      "value": "vpc-08738d784ce4d892b",
      "type": "string"
    }
  },
  "resources": [
    {
      "mode": "managed",
      "type": "aws_vpc",
      "name": "myvpc",
      "provider": "provider[\"registry.terraform.io/hashicorp/aws\"]",
      "instances": [
        {
          "schema_version": 1,
          "attributes": {
            "arn": "arn:aws:ec2:us-east-1:117447531537:vpc/vpc-08738d784ce4d892b",
            "assign_generated_ipv6_cidr_block": false,
            "cidr_block": "10.0.0.0/16",
            "default_network_acl_id": "acl-0b11e327055d34879",
            "default_route_table_id": "rtb-0b7a2ec82fe694f27",
            "default_security_group_id": "sg-067dfe64b70b917d7",
            "dhcp_options_id": "dopt-0e77f125a0a31a4bb",
            "enable_classiclink": false,
            "enable_classiclink_dns_support": false,
            "enable_dns_hostnames": false,
            "enable_dns_support": true,
            "id": "vpc-08738d784ce4d892b",
            "instance_tenancy": "default",
            "ipv4_ipam_pool_id": null,
            "ipv4_netmask_length": null,
            "ipv6_association_id": "",
            "ipv6_cidr_block": "",
            "ipv6_cidr_block_network_border_group": "",
            "ipv6_ipam_pool_id": "",
            "ipv6_netmask_length": 0,
            "main_route_table_id": "rtb-0b7a2ec82fe694f27",
            "owner_id": "117447531537",
            "tags": {
              "Name": "inputvpc"
            },
            "tags_all": {
              "Name": "inputvpc"
            }
          },
          "sensitive_attributes": [],
          "private": "eyJzY2hlbWFfdmVyc2lvbiI6IjEifQ=="
        }
      ]
    }
  ]
}
